
Microsoft Visual Studio Solution File, Format Version 12.00
# Visual Studio Version 17
VisualStudioVersion = 17.7.34202.233
MinimumVisualStudioVersion = 10.0.40219.1
Project("{FAE04EC0-301F-11D3-BF4B-00C04F79EFBC}") = "AntonioBalic-Lab-07", "AntonioBalic-Lab-07\AntonioBalic-Lab-07.csproj", "{7ED5633F-B08D-4E02-8ECB-CBFE03AFBCA9}"
EndProject
Global
	GlobalSection(SolutionConfigurationPlatforms) = preSolution
		Debug|Any CPU = Debug|Any CPU
		Release|Any CPU = Release|Any CPU
	EndGlobalSection
	GlobalSection(ProjectConfigurationPlatforms) = postSolution
		{7ED5633F-B08D-4E02-8ECB-CBFE03AFBCA9}.Debug|Any CPU.ActiveCfg = Debug|Any CPU
		{7ED5633F-B08D-4E02-8ECB-CBFE03AFBCA9}.Debug|Any CPU.Build.0 = Debug|Any CPU
		{7ED5633F-B08D-4E02-8ECB-CBFE03AFBCA9}.Release|Any CPU.ActiveCfg = Release|Any CPU
		{7ED5633F-B08D-4E02-8ECB-CBFE03AFBCA9}.Release|Any CPU.Build.0 = Release|Any CPU
	EndGlobalSection
	GlobalSection(SolutionProperties) = preSolution
		HideSolutionNode = FALSE
	EndGlobalSection
	GlobalSection(ExtensibilityGlobals) = postSolution
		SolutionGuid = {14C89536-4F70-47E5-A6E5-AB7260CC0C59}
	EndGlobalSection
EndGlobal
